// !$*UTF8*$!
{
	archiveVersion = 1;
	classes = {
	};
	objectVersion = 51;
	objects = {

/* Begin PBXBuildFile section */
		33E694619551755B8001C2F4 /* Pods_Heracles.framework in Frameworks */ = {isa = PBXBuildFile; fileRef = 21B589C763D645C0047CCA78 /* Pods_Heracles.framework */; };
		92594417237BD536005D01B5 /* GoogleService-Info.plist in Resources */ = {isa = PBXBuildFile; fileRef = 92594416237BD536005D01B5 /* GoogleService-Info.plist */; };
		92838A1F237B55FA00332577 /* AddClientViewController.swift in Sources */ = {isa = PBXBuildFile; fileRef = 92838A1E237B55FA00332577 /* AddClientViewController.swift */; };
		92B085292377AA4300EEA54C /* AppDelegate.swift in Sources */ = {isa = PBXBuildFile; fileRef = 92B085282377AA4300EEA54C /* AppDelegate.swift */; };
		92B0852B2377AA4300EEA54C /* ViewController.swift in Sources */ = {isa = PBXBuildFile; fileRef = 92B0852A2377AA4300EEA54C /* ViewController.swift */; };
		92B0852E2377AA4300EEA54C /* Main.storyboard in Resources */ = {isa = PBXBuildFile; fileRef = 92B0852C2377AA4300EEA54C /* Main.storyboard */; };
		92B085332377AA4400EEA54C /* LaunchScreen.storyboard in Resources */ = {isa = PBXBuildFile; fileRef = 92B085312377AA4400EEA54C /* LaunchScreen.storyboard */; };
		963845122383CDCD000F1EBF /* TrainerHomeViewController.swift in Sources */ = {isa = PBXBuildFile; fileRef = 963845112383CDCD000F1EBF /* TrainerHomeViewController.swift */; };
		9661171F2383CF7F00FFB932 /* PageViewController.swift in Sources */ = {isa = PBXBuildFile; fileRef = 9661171E2383CF7F00FFB932 /* PageViewController.swift */; };
		96611721238453C400FFB932 /* WeightLogsViewController.swift in Sources */ = {isa = PBXBuildFile; fileRef = 96611720238453C400FFB932 /* WeightLogsViewController.swift */; };
		AC87F4B62380B57400E172F4 /* ClientHomeViewController.swift in Sources */ = {isa = PBXBuildFile; fileRef = AC87F4B52380B57400E172F4 /* ClientHomeViewController.swift */; };
		AC87F4B823837C5300E172F4 /* Client_QR_ViewController.swift in Sources */ = {isa = PBXBuildFile; fileRef = AC87F4B723837C5300E172F4 /* Client_QR_ViewController.swift */; };
/* End PBXBuildFile section */

/* Begin PBXFileReference section */
		12881DD760F26B7A25829055 /* Pods-Heracles.debug.xcconfig */ = {isa = PBXFileReference; includeInIndex = 1; lastKnownFileType = text.xcconfig; name = "Pods-Heracles.debug.xcconfig"; path = "Target Support Files/Pods-Heracles/Pods-Heracles.debug.xcconfig"; sourceTree = "<group>"; };
		21B589C763D645C0047CCA78 /* Pods_Heracles.framework */ = {isa = PBXFileReference; explicitFileType = wrapper.framework; includeInIndex = 0; path = Pods_Heracles.framework; sourceTree = BUILT_PRODUCTS_DIR; };
		92594416237BD536005D01B5 /* GoogleService-Info.plist */ = {isa = PBXFileReference; fileEncoding = 4; lastKnownFileType = text.plist.xml; path = "GoogleService-Info.plist"; sourceTree = SOURCE_ROOT; };
		92838A1E237B55FA00332577 /* AddClientViewController.swift */ = {isa = PBXFileReference; lastKnownFileType = sourcecode.swift; path = AddClientViewController.swift; sourceTree = "<group>"; };
		92B085252377AA4300EEA54C /* Heracles.app */ = {isa = PBXFileReference; explicitFileType = wrapper.application; includeInIndex = 0; path = Heracles.app; sourceTree = BUILT_PRODUCTS_DIR; };
		92B085282377AA4300EEA54C /* AppDelegate.swift */ = {isa = PBXFileReference; lastKnownFileType = sourcecode.swift; path = AppDelegate.swift; sourceTree = "<group>"; };
		92B0852A2377AA4300EEA54C /* ViewController.swift */ = {isa = PBXFileReference; lastKnownFileType = sourcecode.swift; path = ViewController.swift; sourceTree = "<group>"; };
		92B0852D2377AA4300EEA54C /* Base */ = {isa = PBXFileReference; lastKnownFileType = file.storyboard; name = Base; path = Base.lproj/Main.storyboard; sourceTree = "<group>"; };
		92B0852F2377AA4400EEA54C /* Assets.xcassets */ = {isa = PBXFileReference; lastKnownFileType = folder.assetcatalog; path = Assets.xcassets; sourceTree = "<group>"; };
		92B085322377AA4400EEA54C /* Base */ = {isa = PBXFileReference; lastKnownFileType = file.storyboard; name = Base; path = Base.lproj/LaunchScreen.storyboard; sourceTree = "<group>"; };
		92B085342377AA4400EEA54C /* Info.plist */ = {isa = PBXFileReference; lastKnownFileType = text.plist.xml; path = Info.plist; sourceTree = "<group>"; };
		963845112383CDCD000F1EBF /* TrainerHomeViewController.swift */ = {isa = PBXFileReference; fileEncoding = 4; lastKnownFileType = sourcecode.swift; path = TrainerHomeViewController.swift; sourceTree = "<group>"; };
		9661171E2383CF7F00FFB932 /* PageViewController.swift */ = {isa = PBXFileReference; fileEncoding = 4; lastKnownFileType = sourcecode.swift; path = PageViewController.swift; sourceTree = "<group>"; };
		96611720238453C400FFB932 /* WeightLogsViewController.swift */ = {isa = PBXFileReference; lastKnownFileType = sourcecode.swift; path = WeightLogsViewController.swift; sourceTree = "<group>"; };
		AC87F4B52380B57400E172F4 /* ClientHomeViewController.swift */ = {isa = PBXFileReference; lastKnownFileType = sourcecode.swift; path = ClientHomeViewController.swift; sourceTree = "<group>"; };
		AC87F4B723837C5300E172F4 /* Client_QR_ViewController.swift */ = {isa = PBXFileReference; lastKnownFileType = sourcecode.swift; path = Client_QR_ViewController.swift; sourceTree = "<group>"; };
		BE9ACD3E2F44DE0CB66B5485 /* Pods-Heracles.release.xcconfig */ = {isa = PBXFileReference; includeInIndex = 1; lastKnownFileType = text.xcconfig; name = "Pods-Heracles.release.xcconfig"; path = "Target Support Files/Pods-Heracles/Pods-Heracles.release.xcconfig"; sourceTree = "<group>"; };
/* End PBXFileReference section */

/* Begin PBXFrameworksBuildPhase section */
		92B085222377AA4300EEA54C /* Frameworks */ = {
			isa = PBXFrameworksBuildPhase;
			buildActionMask = 2147483647;
			files = (
				33E694619551755B8001C2F4 /* Pods_Heracles.framework in Frameworks */,
			);
			runOnlyForDeploymentPostprocessing = 0;
		};
/* End PBXFrameworksBuildPhase section */

/* Begin PBXGroup section */
		5B8637255409B3B775A6796B /* Frameworks */ = {
			isa = PBXGroup;
			children = (
				21B589C763D645C0047CCA78 /* Pods_Heracles.framework */,
			);
			name = Frameworks;
			sourceTree = "<group>";
		};
		92B0851C2377AA4300EEA54C = {
			isa = PBXGroup;
			children = (
				92B085272377AA4300EEA54C /* Heracles */,
				92B085262377AA4300EEA54C /* Products */,
				938CAFDF434005EEB35EFD4A /* Pods */,
				5B8637255409B3B775A6796B /* Frameworks */,
			);
			sourceTree = "<group>";
		};
		92B085262377AA4300EEA54C /* Products */ = {
			isa = PBXGroup;
			children = (
				92B085252377AA4300EEA54C /* Heracles.app */,
			);
			name = Products;
			sourceTree = "<group>";
		};
		92B085272377AA4300EEA54C /* Heracles */ = {
			isa = PBXGroup;
			children = (
				9661171E2383CF7F00FFB932 /* PageViewController.swift */,
				963845112383CDCD000F1EBF /* TrainerHomeViewController.swift */,
				92B085282377AA4300EEA54C /* AppDelegate.swift */,
				92B0852A2377AA4300EEA54C /* ViewController.swift */,
				92594416237BD536005D01B5 /* GoogleService-Info.plist */,
				92B0852C2377AA4300EEA54C /* Main.storyboard */,
				96611720238453C400FFB932 /* WeightLogsViewController.swift */,
				AC87F4B723837C5300E172F4 /* Client_QR_ViewController.swift */,
				AC87F4B52380B57400E172F4 /* ClientHomeViewController.swift */,
				92838A1E237B55FA00332577 /* AddClientViewController.swift */,
				92B0852F2377AA4400EEA54C /* Assets.xcassets */,
				92B085312377AA4400EEA54C /* LaunchScreen.storyboard */,
				92B085342377AA4400EEA54C /* Info.plist */,
			);
			path = Heracles;
			sourceTree = "<group>";
		};
		938CAFDF434005EEB35EFD4A /* Pods */ = {
			isa = PBXGroup;
			children = (
				12881DD760F26B7A25829055 /* Pods-Heracles.debug.xcconfig */,
				BE9ACD3E2F44DE0CB66B5485 /* Pods-Heracles.release.xcconfig */,
			);
			path = Pods;
			sourceTree = "<group>";
		};
/* End PBXGroup section */

/* Begin PBXNativeTarget section */
		92B085242377AA4300EEA54C /* Heracles */ = {
			isa = PBXNativeTarget;
			buildConfigurationList = 92B085372377AA4400EEA54C /* Build configuration list for PBXNativeTarget "Heracles" */;
			buildPhases = (
				CBDCF7EEF6C0ED7CA39D3DB1 /* [CP] Check Pods Manifest.lock */,
				92B085212377AA4300EEA54C /* Sources */,
				92B085222377AA4300EEA54C /* Frameworks */,
				92B085232377AA4300EEA54C /* Resources */,
				8F0AB794EBCCFED16AC40629 /* [CP] Embed Pods Frameworks */,
			);
			buildRules = (
			);
			dependencies = (
			);
			name = Heracles;
			productName = Heracles;
			productReference = 92B085252377AA4300EEA54C /* Heracles.app */;
			productType = "com.apple.product-type.application";
		};
/* End PBXNativeTarget section */

/* Begin PBXProject section */
		92B0851D2377AA4300EEA54C /* Project object */ = {
			isa = PBXProject;
			attributes = {
				LastSwiftUpdateCheck = 1020;
				LastUpgradeCheck = 1020;
				ORGANIZATIONNAME = "Shivam Desai";
				TargetAttributes = {
					92B085242377AA4300EEA54C = {
						CreatedOnToolsVersion = 10.2;
					};
				};
			};
			buildConfigurationList = 92B085202377AA4300EEA54C /* Build configuration list for PBXProject "Heracles" */;
			compatibilityVersion = "Xcode 9.3";
			developmentRegion = en;
			hasScannedForEncodings = 0;
			knownRegions = (
				en,
				Base,
			);
			mainGroup = 92B0851C2377AA4300EEA54C;
			productRefGroup = 92B085262377AA4300EEA54C /* Products */;
			projectDirPath = "";
			projectRoot = "";
			targets = (
				92B085242377AA4300EEA54C /* Heracles */,
			);
		};
/* End PBXProject section */

/* Begin PBXResourcesBuildPhase section */
		92B085232377AA4300EEA54C /* Resources */ = {
			isa = PBXResourcesBuildPhase;
			buildActionMask = 2147483647;
			files = (
				92B085332377AA4400EEA54C /* LaunchScreen.storyboard in Resources */,
				92B0852E2377AA4300EEA54C /* Main.storyboard in Resources */,
				92594417237BD536005D01B5 /* GoogleService-Info.plist in Resources */,
			);
			runOnlyForDeploymentPostprocessing = 0;
		};
/* End PBXResourcesBuildPhase section */

/* Begin PBXShellScriptBuildPhase section */
		8F0AB794EBCCFED16AC40629 /* [CP] Embed Pods Frameworks */ = {
			isa = PBXShellScriptBuildPhase;
			buildActionMask = 2147483647;
			files = (
			);
			inputFileListPaths = (
				"${PODS_ROOT}/Target Support Files/Pods-Heracles/Pods-Heracles-frameworks-${CONFIGURATION}-input-files.xcfilelist",
			);
			name = "[CP] Embed Pods Frameworks";
			outputFileListPaths = (
				"${PODS_ROOT}/Target Support Files/Pods-Heracles/Pods-Heracles-frameworks-${CONFIGURATION}-output-files.xcfilelist",
			);
			runOnlyForDeploymentPostprocessing = 0;
			shellPath = /bin/sh;
			shellScript = "\"${PODS_ROOT}/Target Support Files/Pods-Heracles/Pods-Heracles-frameworks.sh\"\n";
			showEnvVarsInLog = 0;
		};
		CBDCF7EEF6C0ED7CA39D3DB1 /* [CP] Check Pods Manifest.lock */ = {
			isa = PBXShellScriptBuildPhase;
			buildActionMask = 2147483647;
			files = (
			);
			inputFileListPaths = (
			);
			inputPaths = (
				"${PODS_PODFILE_DIR_PATH}/Podfile.lock",
				"${PODS_ROOT}/Manifest.lock",
			);
			name = "[CP] Check Pods Manifest.lock";
			outputFileListPaths = (
			);
			outputPaths = (
				"$(DERIVED_FILE_DIR)/Pods-Heracles-checkManifestLockResult.txt",
			);
			runOnlyForDeploymentPostprocessing = 0;
			shellPath = /bin/sh;
			shellScript = "diff \"${PODS_PODFILE_DIR_PATH}/Podfile.lock\" \"${PODS_ROOT}/Manifest.lock\" > /dev/null\nif [ $? != 0 ] ; then\n    # print error to STDERR\n    echo \"error: The sandbox is not in sync with the Podfile.lock. Run 'pod install' or update your CocoaPods installation.\" >&2\n    exit 1\nfi\n# This output is used by Xcode 'outputs' to avoid re-running this script phase.\necho \"SUCCESS\" > \"${SCRIPT_OUTPUT_FILE_0}\"\n";
			showEnvVarsInLog = 0;
		};
/* End PBXShellScriptBuildPhase section */

/* Begin PBXSourcesBuildPhase section */
		92B085212377AA4300EEA54C /* Sources */ = {
			isa = PBXSourcesBuildPhase;
			buildActionMask = 2147483647;
			files = (
				AC87F4B823837C5300E172F4 /* Client_QR_ViewController.swift in Sources */,
				9661171F2383CF7F00FFB932 /* PageViewController.swift in Sources */,
				AC87F4B62380B57400E172F4 /* ClientHomeViewController.swift in Sources */,
				92B0852B2377AA4300EEA54C /* ViewController.swift in Sources */,
				963845122383CDCD000F1EBF /* TrainerHomeViewController.swift in Sources */,
				96611721238453C400FFB932 /* WeightLogsViewController.swift in Sources */,
				92B085292377AA4300EEA54C /* AppDelegate.swift in Sources */,
				92838A1F237B55FA00332577 /* AddClientViewController.swift in Sources */,
			);
			runOnlyForDeploymentPostprocessing = 0;
		};
/* End PBXSourcesBuildPhase section */

/* Begin PBXVariantGroup section */
		92B0852C2377AA4300EEA54C /* Main.storyboard */ = {
			isa = PBXVariantGroup;
			children = (
				92B0852D2377AA4300EEA54C /* Base */,
			);
			name = Main.storyboard;
			sourceTree = "<group>";
		};
		92B085312377AA4400EEA54C /* LaunchScreen.storyboard */ = {
			isa = PBXVariantGroup;
			children = (
				92B085322377AA4400EEA54C /* Base */,
			);
			name = LaunchScreen.storyboard;
			sourceTree = "<group>";
		};
/* End PBXVariantGroup section */

/* Begin XCBuildConfiguration section */
		92B085352377AA4400EEA54C /* Debug */ = {
			isa = XCBuildConfiguration;
			buildSettings = {
				ALWAYS_SEARCH_USER_PATHS = NO;
				CLANG_ANALYZER_NONNULL = YES;
				CLANG_ANALYZER_NUMBER_OBJECT_CONVERSION = YES_AGGRESSIVE;
				CLANG_CXX_LANGUAGE_STANDARD = "gnu++14";
				CLANG_CXX_LIBRARY = "libc++";
				CLANG_ENABLE_MODULES = YES;
				CLANG_ENABLE_OBJC_ARC = YES;
				CLANG_ENABLE_OBJC_WEAK = YES;
				CLANG_WARN_BLOCK_CAPTURE_AUTORELEASING = YES;
				CLANG_WARN_BOOL_CONVERSION = YES;
				CLANG_WARN_COMMA = YES;
				CLANG_WARN_CONSTANT_CONVERSION = YES;
				CLANG_WARN_DEPRECATED_OBJC_IMPLEMENTATIONS = YES;
				CLANG_WARN_DIRECT_OBJC_ISA_USAGE = YES_ERROR;
				CLANG_WARN_DOCUMENTATION_COMMENTS = YES;
				CLANG_WARN_EMPTY_BODY = YES;
				CLANG_WARN_ENUM_CONVERSION = YES;
				CLANG_WARN_INFINITE_RECURSION = YES;
				CLANG_WARN_INT_CONVERSION = YES;
				CLANG_WARN_NON_LITERAL_NULL_CONVERSION = YES;
				CLANG_WARN_OBJC_IMPLICIT_RETAIN_SELF = YES;
				CLANG_WARN_OBJC_LITERAL_CONVERSION = YES;
				CLANG_WARN_OBJC_ROOT_CLASS = YES_ERROR;
				CLANG_WARN_RANGE_LOOP_ANALYSIS = YES;
				CLANG_WARN_STRICT_PROTOTYPES = YES;
				CLANG_WARN_SUSPICIOUS_MOVE = YES;
				CLANG_WARN_UNGUARDED_AVAILABILITY = YES_AGGRESSIVE;
				CLANG_WARN_UNREACHABLE_CODE = YES;
				CLANG_WARN__DUPLICATE_METHOD_MATCH = YES;
				CODE_SIGN_IDENTITY = "iPhone Developer";
				COPY_PHASE_STRIP = NO;
				DEBUG_INFORMATION_FORMAT = dwarf;
				ENABLE_STRICT_OBJC_MSGSEND = YES;
				ENABLE_TESTABILITY = YES;
				GCC_C_LANGUAGE_STANDARD = gnu11;
				GCC_DYNAMIC_NO_PIC = NO;
				GCC_NO_COMMON_BLOCKS = YES;
				GCC_OPTIMIZATION_LEVEL = 0;
				GCC_PREPROCESSOR_DEFINITIONS = (
					"DEBUG=1",
					"$(inherited)",
				);
				GCC_WARN_64_TO_32_BIT_CONVERSION = YES;
				GCC_WARN_ABOUT_RETURN_TYPE = YES_ERROR;
				GCC_WARN_UNDECLARED_SELECTOR = YES;
				GCC_WARN_UNINITIALIZED_AUTOS = YES_AGGRESSIVE;
				GCC_WARN_UNUSED_FUNCTION = YES;
				GCC_WARN_UNUSED_VARIABLE = YES;
				IPHONEOS_DEPLOYMENT_TARGET = 12.2;
				MTL_ENABLE_DEBUG_INFO = INCLUDE_SOURCE;
				MTL_FAST_MATH = YES;
				ONLY_ACTIVE_ARCH = YES;
				SDKROOT = iphoneos;
				SWIFT_ACTIVE_COMPILATION_CONDITIONS = DEBUG;
				SWIFT_OPTIMIZATION_LEVEL = "-Onone";
			};
			name = Debug;
		};
		92B085362377AA4400EEA54C /* Release */ = {
			isa = XCBuildConfiguration;
			buildSettings = {
				ALWAYS_SEARCH_USER_PATHS = NO;
				CLANG_ANALYZER_NONNULL = YES;
				CLANG_ANALYZER_NUMBER_OBJECT_CONVERSION = YES_AGGRESSIVE;
				CLANG_CXX_LANGUAGE_STANDARD = "gnu++14";
				CLANG_CXX_LIBRARY = "libc++";
				CLANG_ENABLE_MODULES = YES;
				CLANG_ENABLE_OBJC_ARC = YES;
				CLANG_ENABLE_OBJC_WEAK = YES;
				CLANG_WARN_BLOCK_CAPTURE_AUTORELEASING = YES;
				CLANG_WARN_BOOL_CONVERSION = YES;
				CLANG_WARN_COMMA = YES;
				CLANG_WARN_CONSTANT_CONVERSION = YES;
				CLANG_WARN_DEPRECATED_OBJC_IMPLEMENTATIONS = YES;
				CLANG_WARN_DIRECT_OBJC_ISA_USAGE = YES_ERROR;
				CLANG_WARN_DOCUMENTATION_COMMENTS = YES;
				CLANG_WARN_EMPTY_BODY = YES;
				CLANG_WARN_ENUM_CONVERSION = YES;
				CLANG_WARN_INFINITE_RECURSION = YES;
				CLANG_WARN_INT_CONVERSION = YES;
				CLANG_WARN_NON_LITERAL_NULL_CONVERSION = YES;
				CLANG_WARN_OBJC_IMPLICIT_RETAIN_SELF = YES;
				CLANG_WARN_OBJC_LITERAL_CONVERSION = YES;
				CLANG_WARN_OBJC_ROOT_CLASS = YES_ERROR;
				CLANG_WARN_RANGE_LOOP_ANALYSIS = YES;
				CLANG_WARN_STRICT_PROTOTYPES = YES;
				CLANG_WARN_SUSPICIOUS_MOVE = YES;
				CLANG_WARN_UNGUARDED_AVAILABILITY = YES_AGGRESSIVE;
				CLANG_WARN_UNREACHABLE_CODE = YES;
				CLANG_WARN__DUPLICATE_METHOD_MATCH = YES;
				CODE_SIGN_IDENTITY = "iPhone Developer";
				COPY_PHASE_STRIP = NO;
				DEBUG_INFORMATION_FORMAT = "dwarf-with-dsym";
				ENABLE_NS_ASSERTIONS = NO;
				ENABLE_STRICT_OBJC_MSGSEND = YES;
				GCC_C_LANGUAGE_STANDARD = gnu11;
				GCC_NO_COMMON_BLOCKS = YES;
				GCC_WARN_64_TO_32_BIT_CONVERSION = YES;
				GCC_WARN_ABOUT_RETURN_TYPE = YES_ERROR;
				GCC_WARN_UNDECLARED_SELECTOR = YES;
				GCC_WARN_UNINITIALIZED_AUTOS = YES_AGGRESSIVE;
				GCC_WARN_UNUSED_FUNCTION = YES;
				GCC_WARN_UNUSED_VARIABLE = YES;
				IPHONEOS_DEPLOYMENT_TARGET = 12.2;
				MTL_ENABLE_DEBUG_INFO = NO;
				MTL_FAST_MATH = YES;
				SDKROOT = iphoneos;
				SWIFT_COMPILATION_MODE = wholemodule;
				SWIFT_OPTIMIZATION_LEVEL = "-O";
				VALIDATE_PRODUCT = YES;
			};
			name = Release;
		};
		92B085382377AA4400EEA54C /* Debug */ = {
			isa = XCBuildConfiguration;
			baseConfigurationReference = 12881DD760F26B7A25829055 /* Pods-Heracles.debug.xcconfig */;
			buildSettings = {
				ASSETCATALOG_COMPILER_APPICON_NAME = AppIcon;
				CODE_SIGN_STYLE = Automatic;
				DEVELOPMENT_TEAM = BVT62X66MW;
				INFOPLIST_FILE = Heracles/Info.plist;
				LD_RUNPATH_SEARCH_PATHS = (
					"$(inherited)",
					"@executable_path/Frameworks",
				);
				PRODUCT_BUNDLE_IDENTIFIER = com.shivamdesai.Heracles;
				PRODUCT_NAME = "$(TARGET_NAME)";
				SWIFT_VERSION = 5.0;
				TARGETED_DEVICE_FAMILY = "1,2";
			};
			name = Debug;
		};
		92B085392377AA4400EEA54C /* Release */ = {
			isa = XCBuildConfiguration;
			baseConfigurationReference = BE9ACD3E2F44DE0CB66B5485 /* Pods-Heracles.release.xcconfig */;
			buildSettings = {
				ASSETCATALOG_COMPILER_APPICON_NAME = AppIcon;
				CODE_SIGN_STYLE = Automatic;
				DEVELOPMENT_TEAM = BVT62X66MW;
				INFOPLIST_FILE = Heracles/Info.plist;
				LD_RUNPATH_SEARCH_PATHS = (
					"$(inherited)",
					"@executable_path/Frameworks",
				);
				PRODUCT_BUNDLE_IDENTIFIER = com.shivamdesai.Heracles;
				PRODUCT_NAME = "$(TARGET_NAME)";
				SWIFT_VERSION = 5.0;
				TARGETED_DEVICE_FAMILY = "1,2";
			};
			name = Release;
		};
/* End XCBuildConfiguration section */

/* Begin XCConfigurationList section */
		92B085202377AA4300EEA54C /* Build configuration list for PBXProject "Heracles" */ = {
			isa = XCConfigurationList;
			buildConfigurations = (
				92B085352377AA4400EEA54C /* Debug */,
				92B085362377AA4400EEA54C /* Release */,
			);
			defaultConfigurationIsVisible = 0;
			defaultConfigurationName = Release;
		};
		92B085372377AA4400EEA54C /* Build configuration list for PBXNativeTarget "Heracles" */ = {
			isa = XCConfigurationList;
			buildConfigurations = (
				92B085382377AA4400EEA54C /* Debug */,
				92B085392377AA4400EEA54C /* Release */,
			);
			defaultConfigurationIsVisible = 0;
			defaultConfigurationName = Release;
		};
/* End XCConfigurationList section */
	};
	rootObject = 92B0851D2377AA4300EEA54C /* Project object */;
}
